
Microsoft Visual Studio Solution File, Format Version 12.00
# Visual Studio Version 17
VisualStudioVersion = 17.9.34728.123
MinimumVisualStudioVersion = 10.0.40219.1
Project("{9A19103F-16F7-4668-BE54-9A1E7A4F7556}") = "ConsoleApp1", "ConsoleApp1\ConsoleApp1.csproj", "{EB660BDF-07CD-45D5-994A-F654EA074C8C}"
EndProject
Project("{FAE04EC0-301F-11D3-BF4B-00C04F79EFBC}") = "Core", "Core\Core.csproj", "{3146B227-507E-45E5-AA3F-B6CDFEB915EF}"
EndProject
Global
	GlobalSection(SolutionConfigurationPlatforms) = preSolution
		Debug|Any CPU = Debug|Any CPU
		Release|Any CPU = Release|Any CPU
	EndGlobalSection
	GlobalSection(ProjectConfigurationPlatforms) = postSolution
		{EB660BDF-07CD-45D5-994A-F654EA074C8C}.Debug|Any CPU.ActiveCfg = Debug|Any CPU
		{EB660BDF-07CD-45D5-994A-F654EA074C8C}.Debug|Any CPU.Build.0 = Debug|Any CPU
		{EB660BDF-07CD-45D5-994A-F654EA074C8C}.Release|Any CPU.ActiveCfg = Release|Any CPU
		{EB660BDF-07CD-45D5-994A-F654EA074C8C}.Release|Any CPU.Build.0 = Release|Any CPU
		{3146B227-507E-45E5-AA3F-B6CDFEB915EF}.Debug|Any CPU.ActiveCfg = Debug|Any CPU
		{3146B227-507E-45E5-AA3F-B6CDFEB915EF}.Debug|Any CPU.Build.0 = Debug|Any CPU
		{3146B227-507E-45E5-AA3F-B6CDFEB915EF}.Release|Any CPU.ActiveCfg = Release|Any CPU
		{3146B227-507E-45E5-AA3F-B6CDFEB915EF}.Release|Any CPU.Build.0 = Release|Any CPU
	EndGlobalSection
	GlobalSection(SolutionProperties) = preSolution
		HideSolutionNode = FALSE
	EndGlobalSection
	GlobalSection(ExtensibilityGlobals) = postSolution
		SolutionGuid = {E3BD7435-54C6-4681-A083-7B9BEEE3790B}
	EndGlobalSection
EndGlobal
